
Microsoft Visual Studio Solution File, Format Version 12.00
# Visual Studio Version 17
VisualStudioVersion = 17.9.34902.65
MinimumVisualStudioVersion = 10.0.40219.1
Project("{9A19103F-16F7-4668-BE54-9A1E7A4F7556}") = "sbx", "sbx.csproj", "{2B112F5C-015D-459B-B1A5-350ECD2A0E20}"
EndProject
Project("{FAE04EC0-301F-11D3-BF4B-00C04F79EFBC}") = "sbx.core", "..\sbx.core\sbx.core.csproj", "{BA013D0F-D473-4704-8921-841A14CB570D}"
EndProject
Project("{FAE04EC0-301F-11D3-BF4B-00C04F79EFBC}") = "sbx.repositories", "..\sbx.repositories\sbx.repositories.csproj", "{B5991F12-8B68-4662-B102-C1ECBA6FCD80}"
EndProject
Global
	GlobalSection(SolutionConfigurationPlatforms) = preSolution
		Debug|Any CPU = Debug|Any CPU
		Release|Any CPU = Release|Any CPU
	EndGlobalSection
	GlobalSection(ProjectConfigurationPlatforms) = postSolution
		{2B112F5C-015D-459B-B1A5-350ECD2A0E20}.Debug|Any CPU.ActiveCfg = Debug|Any CPU
		{2B112F5C-015D-459B-B1A5-350ECD2A0E20}.Debug|Any CPU.Build.0 = Debug|Any CPU
		{2B112F5C-015D-459B-B1A5-350ECD2A0E20}.Release|Any CPU.ActiveCfg = Release|Any CPU
		{2B112F5C-015D-459B-B1A5-350ECD2A0E20}.Release|Any CPU.Build.0 = Release|Any CPU
		{BA013D0F-D473-4704-8921-841A14CB570D}.Debug|Any CPU.ActiveCfg = Debug|Any CPU
		{BA013D0F-D473-4704-8921-841A14CB570D}.Debug|Any CPU.Build.0 = Debug|Any CPU
		{BA013D0F-D473-4704-8921-841A14CB570D}.Release|Any CPU.ActiveCfg = Release|Any CPU
		{BA013D0F-D473-4704-8921-841A14CB570D}.Release|Any CPU.Build.0 = Release|Any CPU
		{B5991F12-8B68-4662-B102-C1ECBA6FCD80}.Debug|Any CPU.ActiveCfg = Debug|Any CPU
		{B5991F12-8B68-4662-B102-C1ECBA6FCD80}.Debug|Any CPU.Build.0 = Debug|Any CPU
		{B5991F12-8B68-4662-B102-C1ECBA6FCD80}.Release|Any CPU.ActiveCfg = Release|Any CPU
		{B5991F12-8B68-4662-B102-C1ECBA6FCD80}.Release|Any CPU.Build.0 = Release|Any CPU
	EndGlobalSection
	GlobalSection(SolutionProperties) = preSolution
		HideSolutionNode = FALSE
	EndGlobalSection
	GlobalSection(ExtensibilityGlobals) = postSolution
		SolutionGuid = {CA540B3C-B2FD-435B-8CAF-0F81DB88AC2E}
	EndGlobalSection
EndGlobal
